// !$*UTF8*$!
{
	archiveVersion = 1;
	classes = {
	};
	objectVersion = 50;
	objects = {

/* Begin PBXBuildFile section */
		553B6F6123805089002A756F /* main.swift in Sources */ = {isa = PBXBuildFile; fileRef = 553B6F6023805089002A756F /* main.swift */; };
		553B6F6E238050DB002A756F /* main.swift in Sources */ = {isa = PBXBuildFile; fileRef = 553B6F6D238050DB002A756F /* main.swift */; };
		5591393B2386CF4D003D9E30 /* Command.swift in Sources */ = {isa = PBXBuildFile; fileRef = 5591393A2386CF4D003D9E30 /* Command.swift */; };
		5591393C2386CF4D003D9E30 /* Command.swift in Sources */ = {isa = PBXBuildFile; fileRef = 5591393A2386CF4D003D9E30 /* Command.swift */; };
		5591393E2386D202003D9E30 /* Stream+ReadTyped.swift in Sources */ = {isa = PBXBuildFile; fileRef = 5591393D2386D202003D9E30 /* Stream+ReadTyped.swift */; };
		5591393F2386D202003D9E30 /* Stream+ReadTyped.swift in Sources */ = {isa = PBXBuildFile; fileRef = 5591393D2386D202003D9E30 /* Stream+ReadTyped.swift */; };
		559139412386E46E003D9E30 /* PingCommand.swift in Sources */ = {isa = PBXBuildFile; fileRef = 559139402386E46E003D9E30 /* PingCommand.swift */; };
		559139422386E46E003D9E30 /* PingCommand.swift in Sources */ = {isa = PBXBuildFile; fileRef = 559139402386E46E003D9E30 /* PingCommand.swift */; };
		559139442386F3D5003D9E30 /* ChatMessageCommand.swift in Sources */ = {isa = PBXBuildFile; fileRef = 559139432386F3D5003D9E30 /* ChatMessageCommand.swift */; };
		559139452386F3D5003D9E30 /* ChatMessageCommand.swift in Sources */ = {isa = PBXBuildFile; fileRef = 559139432386F3D5003D9E30 /* ChatMessageCommand.swift */; };
/* End PBXBuildFile section */

/* Begin PBXCopyFilesBuildPhase section */
		553B6F5B23805089002A756F /* CopyFiles */ = {
			isa = PBXCopyFilesBuildPhase;
			buildActionMask = 2147483647;
			dstPath = /usr/share/man/man1/;
			dstSubfolderSpec = 0;
			files = (
			);
			runOnlyForDeploymentPostprocessing = 1;
		};
		553B6F69238050DB002A756F /* CopyFiles */ = {
			isa = PBXCopyFilesBuildPhase;
			buildActionMask = 2147483647;
			dstPath = /usr/share/man/man1/;
			dstSubfolderSpec = 0;
			files = (
			);
			runOnlyForDeploymentPostprocessing = 1;
		};
/* End PBXCopyFilesBuildPhase section */

/* Begin PBXFileReference section */
		553B6F5D23805089002A756F /* AdairServer */ = {isa = PBXFileReference; explicitFileType = "compiled.mach-o.executable"; includeInIndex = 0; path = AdairServer; sourceTree = BUILT_PRODUCTS_DIR; };
		553B6F6023805089002A756F /* main.swift */ = {isa = PBXFileReference; lastKnownFileType = sourcecode.swift; path = main.swift; sourceTree = "<group>"; };
		553B6F6B238050DB002A756F /* AdairClient */ = {isa = PBXFileReference; explicitFileType = "compiled.mach-o.executable"; includeInIndex = 0; path = AdairClient; sourceTree = BUILT_PRODUCTS_DIR; };
		553B6F6D238050DB002A756F /* main.swift */ = {isa = PBXFileReference; lastKnownFileType = sourcecode.swift; path = main.swift; sourceTree = "<group>"; };
		5591393A2386CF4D003D9E30 /* Command.swift */ = {isa = PBXFileReference; lastKnownFileType = sourcecode.swift; path = Command.swift; sourceTree = "<group>"; };
		5591393D2386D202003D9E30 /* Stream+ReadTyped.swift */ = {isa = PBXFileReference; lastKnownFileType = sourcecode.swift; path = "Stream+ReadTyped.swift"; sourceTree = "<group>"; };
		559139402386E46E003D9E30 /* PingCommand.swift */ = {isa = PBXFileReference; lastKnownFileType = sourcecode.swift; path = PingCommand.swift; sourceTree = "<group>"; };
		559139432386F3D5003D9E30 /* ChatMessageCommand.swift */ = {isa = PBXFileReference; lastKnownFileType = sourcecode.swift; path = ChatMessageCommand.swift; sourceTree = "<group>"; };
/* End PBXFileReference section */

/* Begin PBXFrameworksBuildPhase section */
		553B6F5A23805089002A756F /* Frameworks */ = {
			isa = PBXFrameworksBuildPhase;
			buildActionMask = 2147483647;
			files = (
			);
			runOnlyForDeploymentPostprocessing = 0;
		};
		553B6F68238050DB002A756F /* Frameworks */ = {
			isa = PBXFrameworksBuildPhase;
			buildActionMask = 2147483647;
			files = (
			);
			runOnlyForDeploymentPostprocessing = 0;
		};
/* End PBXFrameworksBuildPhase section */

/* Begin PBXGroup section */
		553B6F5423805089002A756F = {
			isa = PBXGroup;
			children = (
				5591393A2386CF4D003D9E30 /* Command.swift */,
				5591393D2386D202003D9E30 /* Stream+ReadTyped.swift */,
				559139402386E46E003D9E30 /* PingCommand.swift */,
				559139432386F3D5003D9E30 /* ChatMessageCommand.swift */,
				553B6F5F23805089002A756F /* AdairServer */,
				553B6F6C238050DB002A756F /* AdairClient */,
				553B6F5E23805089002A756F /* Products */,
			);
			sourceTree = "<group>";
		};
		553B6F5E23805089002A756F /* Products */ = {
			isa = PBXGroup;
			children = (
				553B6F5D23805089002A756F /* AdairServer */,
				553B6F6B238050DB002A756F /* AdairClient */,
			);
			name = Products;
			sourceTree = "<group>";
		};
		553B6F5F23805089002A756F /* AdairServer */ = {
			isa = PBXGroup;
			children = (
				553B6F6023805089002A756F /* main.swift */,
			);
			path = AdairServer;
			sourceTree = "<group>";
		};
		553B6F6C238050DB002A756F /* AdairClient */ = {
			isa = PBXGroup;
			children = (
				553B6F6D238050DB002A756F /* main.swift */,
			);
			path = AdairClient;
			sourceTree = "<group>";
		};
/* End PBXGroup section */

/* Begin PBXNativeTarget section */
		553B6F5C23805089002A756F /* AdairServer */ = {
			isa = PBXNativeTarget;
			buildConfigurationList = 553B6F6423805089002A756F /* Build configuration list for PBXNativeTarget "AdairServer" */;
			buildPhases = (
				553B6F5923805089002A756F /* Sources */,
				553B6F5A23805089002A756F /* Frameworks */,
				553B6F5B23805089002A756F /* CopyFiles */,
			);
			buildRules = (
			);
			dependencies = (
			);
			name = AdairServer;
			productName = AdairNetworking;
			productReference = 553B6F5D23805089002A756F /* AdairServer */;
			productType = "com.apple.product-type.tool";
		};
		553B6F6A238050DB002A756F /* AdairClient */ = {
			isa = PBXNativeTarget;
			buildConfigurationList = 553B6F6F238050DB002A756F /* Build configuration list for PBXNativeTarget "AdairClient" */;
			buildPhases = (
				553B6F67238050DB002A756F /* Sources */,
				553B6F68238050DB002A756F /* Frameworks */,
				553B6F69238050DB002A756F /* CopyFiles */,
			);
			buildRules = (
			);
			dependencies = (
			);
			name = AdairClient;
			productName = AdairClient;
			productReference = 553B6F6B238050DB002A756F /* AdairClient */;
			productType = "com.apple.product-type.tool";
		};
/* End PBXNativeTarget section */

/* Begin PBXProject section */
		553B6F5523805089002A756F /* Project object */ = {
			isa = PBXProject;
			attributes = {
				LastSwiftUpdateCheck = 1100;
				LastUpgradeCheck = 1120;
				ORGANIZATIONNAME = "Uli Kusterer";
				TargetAttributes = {
					553B6F5C23805089002A756F = {
						CreatedOnToolsVersion = 11.0;
					};
					553B6F6A238050DB002A756F = {
						CreatedOnToolsVersion = 11.0;
					};
				};
			};
			buildConfigurationList = 553B6F5823805089002A756F /* Build configuration list for PBXProject "AdairNetworking" */;
			compatibilityVersion = "Xcode 9.3";
			developmentRegion = en;
			hasScannedForEncodings = 0;
			knownRegions = (
				en,
				Base,
			);
			mainGroup = 553B6F5423805089002A756F;
			productRefGroup = 553B6F5E23805089002A756F /* Products */;
			projectDirPath = "";
			projectRoot = "";
			targets = (
				553B6F5C23805089002A756F /* AdairServer */,
				553B6F6A238050DB002A756F /* AdairClient */,
			);
		};
/* End PBXProject section */

/* Begin PBXSourcesBuildPhase section */
		553B6F5923805089002A756F /* Sources */ = {
			isa = PBXSourcesBuildPhase;
			buildActionMask = 2147483647;
			files = (
				559139442386F3D5003D9E30 /* ChatMessageCommand.swift in Sources */,
				5591393E2386D202003D9E30 /* Stream+ReadTyped.swift in Sources */,
				559139412386E46E003D9E30 /* PingCommand.swift in Sources */,
				553B6F6123805089002A756F /* main.swift in Sources */,
				5591393B2386CF4D003D9E30 /* Command.swift in Sources */,
			);
			runOnlyForDeploymentPostprocessing = 0;
		};
		553B6F67238050DB002A756F /* Sources */ = {
			isa = PBXSourcesBuildPhase;
			buildActionMask = 2147483647;
			files = (
				559139452386F3D5003D9E30 /* ChatMessageCommand.swift in Sources */,
				5591393F2386D202003D9E30 /* Stream+ReadTyped.swift in Sources */,
				559139422386E46E003D9E30 /* PingCommand.swift in Sources */,
				553B6F6E238050DB002A756F /* main.swift in Sources */,
				5591393C2386CF4D003D9E30 /* Command.swift in Sources */,
			);
			runOnlyForDeploymentPostprocessing = 0;
		};
/* End PBXSourcesBuildPhase section */

/* Begin XCBuildConfiguration section */
		553B6F6223805089002A756F /* Debug */ = {
			isa = XCBuildConfiguration;
			buildSettings = {
				ALWAYS_SEARCH_USER_PATHS = NO;
				CLANG_ANALYZER_NONNULL = YES;
				CLANG_ANALYZER_NUMBER_OBJECT_CONVERSION = YES_AGGRESSIVE;
				CLANG_CXX_LANGUAGE_STANDARD = "gnu++14";
				CLANG_CXX_LIBRARY = "libc++";
				CLANG_ENABLE_MODULES = YES;
				CLANG_ENABLE_OBJC_ARC = YES;
				CLANG_ENABLE_OBJC_WEAK = YES;
				CLANG_WARN_BLOCK_CAPTURE_AUTORELEASING = YES;
				CLANG_WARN_BOOL_CONVERSION = YES;
				CLANG_WARN_COMMA = YES;
				CLANG_WARN_CONSTANT_CONVERSION = YES;
				CLANG_WARN_DEPRECATED_OBJC_IMPLEMENTATIONS = YES;
				CLANG_WARN_DIRECT_OBJC_ISA_USAGE = YES_ERROR;
				CLANG_WARN_DOCUMENTATION_COMMENTS = YES;
				CLANG_WARN_EMPTY_BODY = YES;
				CLANG_WARN_ENUM_CONVERSION = YES;
				CLANG_WARN_INFINITE_RECURSION = YES;
				CLANG_WARN_INT_CONVERSION = YES;
				CLANG_WARN_NON_LITERAL_NULL_CONVERSION = YES;
				CLANG_WARN_OBJC_IMPLICIT_RETAIN_SELF = YES;
				CLANG_WARN_OBJC_LITERAL_CONVERSION = YES;
				CLANG_WARN_OBJC_ROOT_CLASS = YES_ERROR;
				CLANG_WARN_RANGE_LOOP_ANALYSIS = YES;
				CLANG_WARN_STRICT_PROTOTYPES = YES;
				CLANG_WARN_SUSPICIOUS_MOVE = YES;
				CLANG_WARN_UNGUARDED_AVAILABILITY = YES_AGGRESSIVE;
				CLANG_WARN_UNREACHABLE_CODE = YES;
				CLANG_WARN__DUPLICATE_METHOD_MATCH = YES;
				COPY_PHASE_STRIP = NO;
				DEBUG_INFORMATION_FORMAT = dwarf;
				ENABLE_STRICT_OBJC_MSGSEND = YES;
				ENABLE_TESTABILITY = YES;
				GCC_C_LANGUAGE_STANDARD = gnu11;
				GCC_DYNAMIC_NO_PIC = NO;
				GCC_NO_COMMON_BLOCKS = YES;
				GCC_OPTIMIZATION_LEVEL = 0;
				GCC_PREPROCESSOR_DEFINITIONS = (
					"DEBUG=1",
					"$(inherited)",
				);
				GCC_WARN_64_TO_32_BIT_CONVERSION = YES;
				GCC_WARN_ABOUT_RETURN_TYPE = YES_ERROR;
				GCC_WARN_UNDECLARED_SELECTOR = YES;
				GCC_WARN_UNINITIALIZED_AUTOS = YES_AGGRESSIVE;
				GCC_WARN_UNUSED_FUNCTION = YES;
				GCC_WARN_UNUSED_VARIABLE = YES;
				MACOSX_DEPLOYMENT_TARGET = 10.15;
				MTL_ENABLE_DEBUG_INFO = INCLUDE_SOURCE;
				MTL_FAST_MATH = YES;
				ONLY_ACTIVE_ARCH = YES;
				SDKROOT = macosx;
				SWIFT_ACTIVE_COMPILATION_CONDITIONS = DEBUG;
				SWIFT_OPTIMIZATION_LEVEL = "-Onone";
			};
			name = Debug;
		};
		553B6F6323805089002A756F /* Release */ = {
			isa = XCBuildConfiguration;
			buildSettings = {
				ALWAYS_SEARCH_USER_PATHS = NO;
				CLANG_ANALYZER_NONNULL = YES;
				CLANG_ANALYZER_NUMBER_OBJECT_CONVERSION = YES_AGGRESSIVE;
				CLANG_CXX_LANGUAGE_STANDARD = "gnu++14";
				CLANG_CXX_LIBRARY = "libc++";
				CLANG_ENABLE_MODULES = YES;
				CLANG_ENABLE_OBJC_ARC = YES;
				CLANG_ENABLE_OBJC_WEAK = YES;
				CLANG_WARN_BLOCK_CAPTURE_AUTORELEASING = YES;
				CLANG_WARN_BOOL_CONVERSION = YES;
				CLANG_WARN_COMMA = YES;
				CLANG_WARN_CONSTANT_CONVERSION = YES;
				CLANG_WARN_DEPRECATED_OBJC_IMPLEMENTATIONS = YES;
				CLANG_WARN_DIRECT_OBJC_ISA_USAGE = YES_ERROR;
				CLANG_WARN_DOCUMENTATION_COMMENTS = YES;
				CLANG_WARN_EMPTY_BODY = YES;
				CLANG_WARN_ENUM_CONVERSION = YES;
				CLANG_WARN_INFINITE_RECURSION = YES;
				CLANG_WARN_INT_CONVERSION = YES;
				CLANG_WARN_NON_LITERAL_NULL_CONVERSION = YES;
				CLANG_WARN_OBJC_IMPLICIT_RETAIN_SELF = YES;
				CLANG_WARN_OBJC_LITERAL_CONVERSION = YES;
				CLANG_WARN_OBJC_ROOT_CLASS = YES_ERROR;
				CLANG_WARN_RANGE_LOOP_ANALYSIS = YES;
				CLANG_WARN_STRICT_PROTOTYPES = YES;
				CLANG_WARN_SUSPICIOUS_MOVE = YES;
				CLANG_WARN_UNGUARDED_AVAILABILITY = YES_AGGRESSIVE;
				CLANG_WARN_UNREACHABLE_CODE = YES;
				CLANG_WARN__DUPLICATE_METHOD_MATCH = YES;
				COPY_PHASE_STRIP = NO;
				DEBUG_INFORMATION_FORMAT = "dwarf-with-dsym";
				ENABLE_NS_ASSERTIONS = NO;
				ENABLE_STRICT_OBJC_MSGSEND = YES;
				GCC_C_LANGUAGE_STANDARD = gnu11;
				GCC_NO_COMMON_BLOCKS = YES;
				GCC_WARN_64_TO_32_BIT_CONVERSION = YES;
				GCC_WARN_ABOUT_RETURN_TYPE = YES_ERROR;
				GCC_WARN_UNDECLARED_SELECTOR = YES;
				GCC_WARN_UNINITIALIZED_AUTOS = YES_AGGRESSIVE;
				GCC_WARN_UNUSED_FUNCTION = YES;
				GCC_WARN_UNUSED_VARIABLE = YES;
				MACOSX_DEPLOYMENT_TARGET = 10.15;
				MTL_ENABLE_DEBUG_INFO = NO;
				MTL_FAST_MATH = YES;
				SDKROOT = macosx;
				SWIFT_COMPILATION_MODE = wholemodule;
				SWIFT_OPTIMIZATION_LEVEL = "-O";
			};
			name = Release;
		};
		553B6F6523805089002A756F /* Debug */ = {
			isa = XCBuildConfiguration;
			buildSettings = {
				CODE_SIGN_STYLE = Automatic;
				DEVELOPMENT_TEAM = RCKXACKVZS;
				ENABLE_HARDENED_RUNTIME = YES;
				PRODUCT_NAME = "$(TARGET_NAME)";
				SWIFT_VERSION = 5.0;
			};
			name = Debug;
		};
		553B6F6623805089002A756F /* Release */ = {
			isa = XCBuildConfiguration;
			buildSettings = {
				CODE_SIGN_STYLE = Automatic;
				DEVELOPMENT_TEAM = RCKXACKVZS;
				ENABLE_HARDENED_RUNTIME = YES;
				PRODUCT_NAME = "$(TARGET_NAME)";
				SWIFT_VERSION = 5.0;
			};
			name = Release;
		};
		553B6F70238050DB002A756F /* Debug */ = {
			isa = XCBuildConfiguration;
			buildSettings = {
				CODE_SIGN_STYLE = Automatic;
				DEVELOPMENT_TEAM = RCKXACKVZS;
				ENABLE_HARDENED_RUNTIME = YES;
				PRODUCT_NAME = "$(TARGET_NAME)";
				SWIFT_VERSION = 5.0;
			};
			name = Debug;
		};
		553B6F71238050DB002A756F /* Release */ = {
			isa = XCBuildConfiguration;
			buildSettings = {
				CODE_SIGN_STYLE = Automatic;
				DEVELOPMENT_TEAM = RCKXACKVZS;
				ENABLE_HARDENED_RUNTIME = YES;
				PRODUCT_NAME = "$(TARGET_NAME)";
				SWIFT_VERSION = 5.0;
			};
			name = Release;
		};
/* End XCBuildConfiguration section */

/* Begin XCConfigurationList section */
		553B6F5823805089002A756F /* Build configuration list for PBXProject "AdairNetworking" */ = {
			isa = XCConfigurationList;
			buildConfigurations = (
				553B6F6223805089002A756F /* Debug */,
				553B6F6323805089002A756F /* Release */,
			);
			defaultConfigurationIsVisible = 0;
			defaultConfigurationName = Release;
		};
		553B6F6423805089002A756F /* Build configuration list for PBXNativeTarget "AdairServer" */ = {
			isa = XCConfigurationList;
			buildConfigurations = (
				553B6F6523805089002A756F /* Debug */,
				553B6F6623805089002A756F /* Release */,
			);
			defaultConfigurationIsVisible = 0;
			defaultConfigurationName = Release;
		};
		553B6F6F238050DB002A756F /* Build configuration list for PBXNativeTarget "AdairClient" */ = {
			isa = XCConfigurationList;
			buildConfigurations = (
				553B6F70238050DB002A756F /* Debug */,
				553B6F71238050DB002A756F /* Release */,
			);
			defaultConfigurationIsVisible = 0;
			defaultConfigurationName = Release;
		};
/* End XCConfigurationList section */
	};
	rootObject = 553B6F5523805089002A756F /* Project object */;
}
